
Microsoft Visual Studio Solution File, Format Version 12.00
# Visual Studio Version 17
VisualStudioVersion = 17.8.34316.72
MinimumVisualStudioVersion = 10.0.40219.1
Project("{8BC9CEB8-8B4A-11D0-8D11-00A0C91BC942}") = "ProcessModeling1", "ProcessModeling1.vcxproj", "{9BD0EAB6-0E5A-441A-A42F-33F32F5A08BD}"
EndProject
Global
	GlobalSection(SolutionConfigurationPlatforms) = preSolution
		Debug|x64 = Debug|x64
		Debug|x86 = Debug|x86
		Release|x64 = Release|x64
		Release|x86 = Release|x86
	EndGlobalSection
	GlobalSection(ProjectConfigurationPlatforms) = postSolution
		{9BD0EAB6-0E5A-441A-A42F-33F32F5A08BD}.Debug|x64.ActiveCfg = Debug|x64
		{9BD0EAB6-0E5A-441A-A42F-33F32F5A08BD}.Debug|x64.Build.0 = Debug|x64
		{9BD0EAB6-0E5A-441A-A42F-33F32F5A08BD}.Debug|x86.ActiveCfg = Debug|Win32
		{9BD0EAB6-0E5A-441A-A42F-33F32F5A08BD}.Debug|x86.Build.0 = Debug|Win32
		{9BD0EAB6-0E5A-441A-A42F-33F32F5A08BD}.Release|x64.ActiveCfg = Release|x64
		{9BD0EAB6-0E5A-441A-A42F-33F32F5A08BD}.Release|x64.Build.0 = Release|x64
		{9BD0EAB6-0E5A-441A-A42F-33F32F5A08BD}.Release|x86.ActiveCfg = Release|Win32
		{9BD0EAB6-0E5A-441A-A42F-33F32F5A08BD}.Release|x86.Build.0 = Release|Win32
	EndGlobalSection
	GlobalSection(SolutionProperties) = preSolution
		HideSolutionNode = FALSE
	EndGlobalSection
	GlobalSection(ExtensibilityGlobals) = postSolution
		SolutionGuid = {D3E5DA10-8EBB-4BFC-B07C-97FB8C20CDBC}
	EndGlobalSection
EndGlobal
